// !$*UTF8*$!
{
	archiveVersion = 1;
	classes = {
	};
	objectVersion = 77;
	objects = {

/* Begin PBXBuildFile section */
		DA3C7B1F2E23467100262F64 /* FirebaseAnalytics in Frameworks */ = {isa = PBXBuildFile; productRef = DA3C7B1E2E23467100262F64 /* FirebaseAnalytics */; };
		DA3C7B212E23467100262F64 /* FirebaseCore in Frameworks */ = {isa = PBXBuildFile; productRef = DA3C7B202E23467100262F64 /* FirebaseCore */; };
		DA3C7B232E23467100262F64 /* FirebaseFirestore in Frameworks */ = {isa = PBXBuildFile; productRef = DA3C7B222E23467100262F64 /* FirebaseFirestore */; };
/* End PBXBuildFile section */

/* Begin PBXContainerItemProxy section */
		DA65377A2E1B63F9009B4FE9 /* PBXContainerItemProxy */ = {
			isa = PBXContainerItemProxy;
			containerPortal = DA6537642E1B63F7009B4FE9 /* Project object */;
			proxyType = 1;
			remoteGlobalIDString = DA65376B2E1B63F7009B4FE9;
			remoteInfo = Tabia;
		};
		DA6537842E1B63F9009B4FE9 /* PBXContainerItemProxy */ = {
			isa = PBXContainerItemProxy;
			containerPortal = DA6537642E1B63F7009B4FE9 /* Project object */;
			proxyType = 1;
			remoteGlobalIDString = DA65376B2E1B63F7009B4FE9;
			remoteInfo = Tabia;
		};
/* End PBXContainerItemProxy section */

/* Begin PBXFileReference section */
		DA65376C2E1B63F7009B4FE9 /* Tabia.app */ = {isa = PBXFileReference; explicitFileType = wrapper.application; includeInIndex = 0; path = Tabia.app; sourceTree = BUILT_PRODUCTS_DIR; };
		DA6537792E1B63F9009B4FE9 /* TabiaTests.xctest */ = {isa = PBXFileReference; explicitFileType = wrapper.cfbundle; includeInIndex = 0; path = TabiaTests.xctest; sourceTree = BUILT_PRODUCTS_DIR; };
		DA6537832E1B63F9009B4FE9 /* TabiaUITests.xctest */ = {isa = PBXFileReference; explicitFileType = wrapper.cfbundle; includeInIndex = 0; path = TabiaUITests.xctest; sourceTree = BUILT_PRODUCTS_DIR; };
/* End PBXFileReference section */

/* Begin PBXFileSystemSynchronizedRootGroup section */
		DA65376E2E1B63F7009B4FE9 /* Tabia */ = {
			isa = PBXFileSystemSynchronizedRootGroup;
			path = Tabia;
			sourceTree = "<group>";
		};
		DA65377C2E1B63F9009B4FE9 /* TabiaTests */ = {
			isa = PBXFileSystemSynchronizedRootGroup;
			path = TabiaTests;
			sourceTree = "<group>";
		};
		DA6537862E1B63F9009B4FE9 /* TabiaUITests */ = {
			isa = PBXFileSystemSynchronizedRootGroup;
			path = TabiaUITests;
			sourceTree = "<group>";
		};
/* End PBXFileSystemSynchronizedRootGroup section */

/* Begin PBXFrameworksBuildPhase section */
		DA6537692E1B63F7009B4FE9 /* Frameworks */ = {
			isa = PBXFrameworksBuildPhase;
			buildActionMask = 2147483647;
			files = (
				DA3C7B212E23467100262F64 /* FirebaseCore in Frameworks */,
				DA3C7B1F2E23467100262F64 /* FirebaseAnalytics in Frameworks */,
				DA3C7B232E23467100262F64 /* FirebaseFirestore in Frameworks */,
			);
			runOnlyForDeploymentPostprocessing = 0;
		};
		DA6537762E1B63F9009B4FE9 /* Frameworks */ = {
			isa = PBXFrameworksBuildPhase;
			buildActionMask = 2147483647;
			files = (
			);
			runOnlyForDeploymentPostprocessing = 0;
		};
		DA6537802E1B63F9009B4FE9 /* Frameworks */ = {
			isa = PBXFrameworksBuildPhase;
			buildActionMask = 2147483647;
			files = (
			);
			runOnlyForDeploymentPostprocessing = 0;
		};
/* End PBXFrameworksBuildPhase section */

/* Begin PBXGroup section */
		DA6537632E1B63F7009B4FE9 = {
			isa = PBXGroup;
			children = (
				DA65376E2E1B63F7009B4FE9 /* Tabia */,
				DA65377C2E1B63F9009B4FE9 /* TabiaTests */,
				DA6537862E1B63F9009B4FE9 /* TabiaUITests */,
				DA65376D2E1B63F7009B4FE9 /* Products */,
			);
			sourceTree = "<group>";
		};
		DA65376D2E1B63F7009B4FE9 /* Products */ = {
			isa = PBXGroup;
			children = (
				DA65376C2E1B63F7009B4FE9 /* Tabia.app */,
				DA6537792E1B63F9009B4FE9 /* TabiaTests.xctest */,
				DA6537832E1B63F9009B4FE9 /* TabiaUITests.xctest */,
			);
			name = Products;
			sourceTree = "<group>";
		};
/* End PBXGroup section */

/* Begin PBXNativeTarget section */
		DA65376B2E1B63F7009B4FE9 /* Tabia */ = {
			isa = PBXNativeTarget;
			buildConfigurationList = DA65378D2E1B63F9009B4FE9 /* Build configuration list for PBXNativeTarget "Tabia" */;
			buildPhases = (
				DA6537682E1B63F7009B4FE9 /* Sources */,
				DA6537692E1B63F7009B4FE9 /* Frameworks */,
				DA65376A2E1B63F7009B4FE9 /* Resources */,
			);
			buildRules = (
			);
			dependencies = (
			);
			fileSystemSynchronizedGroups = (
				DA65376E2E1B63F7009B4FE9 /* Tabia */,
			);
			name = Tabia;
			packageProductDependencies = (
				DA3C7B1E2E23467100262F64 /* FirebaseAnalytics */,
				DA3C7B202E23467100262F64 /* FirebaseCore */,
				DA3C7B222E23467100262F64 /* FirebaseFirestore */,
			);
			productName = Tabia;
			productReference = DA65376C2E1B63F7009B4FE9 /* Tabia.app */;
			productType = "com.apple.product-type.application";
		};
		DA6537782E1B63F9009B4FE9 /* TabiaTests */ = {
			isa = PBXNativeTarget;
			buildConfigurationList = DA6537902E1B63F9009B4FE9 /* Build configuration list for PBXNativeTarget "TabiaTests" */;
			buildPhases = (
				DA6537752E1B63F9009B4FE9 /* Sources */,
				DA6537762E1B63F9009B4FE9 /* Frameworks */,
				DA6537772E1B63F9009B4FE9 /* Resources */,
			);
			buildRules = (
			);
			dependencies = (
				DA65377B2E1B63F9009B4FE9 /* PBXTargetDependency */,
			);
			fileSystemSynchronizedGroups = (
				DA65377C2E1B63F9009B4FE9 /* TabiaTests */,
			);
			name = TabiaTests;
			packageProductDependencies = (
			);
			productName = TabiaTests;
			productReference = DA6537792E1B63F9009B4FE9 /* TabiaTests.xctest */;
			productType = "com.apple.product-type.bundle.unit-test";
		};
		DA6537822E1B63F9009B4FE9 /* TabiaUITests */ = {
			isa = PBXNativeTarget;
			buildConfigurationList = DA6537932E1B63F9009B4FE9 /* Build configuration list for PBXNativeTarget "TabiaUITests" */;
			buildPhases = (
				DA65377F2E1B63F9009B4FE9 /* Sources */,
				DA6537802E1B63F9009B4FE9 /* Frameworks */,
				DA6537812E1B63F9009B4FE9 /* Resources */,
			);
			buildRules = (
			);
			dependencies = (
				DA6537852E1B63F9009B4FE9 /* PBXTargetDependency */,
			);
			fileSystemSynchronizedGroups = (
				DA6537862E1B63F9009B4FE9 /* TabiaUITests */,
			);
			name = TabiaUITests;
			packageProductDependencies = (
			);
			productName = TabiaUITests;
			productReference = DA6537832E1B63F9009B4FE9 /* TabiaUITests.xctest */;
			productType = "com.apple.product-type.bundle.ui-testing";
		};
/* End PBXNativeTarget section */

/* Begin PBXProject section */
		DA6537642E1B63F7009B4FE9 /* Project object */ = {
			isa = PBXProject;
			attributes = {
				BuildIndependentTargetsInParallel = 1;
				LastSwiftUpdateCheck = 1640;
				LastUpgradeCheck = 1640;
				TargetAttributes = {
					DA65376B2E1B63F7009B4FE9 = {
						CreatedOnToolsVersion = 16.4;
					};
					DA6537782E1B63F9009B4FE9 = {
						CreatedOnToolsVersion = 16.4;
						TestTargetID = DA65376B2E1B63F7009B4FE9;
					};
					DA6537822E1B63F9009B4FE9 = {
						CreatedOnToolsVersion = 16.4;
						TestTargetID = DA65376B2E1B63F7009B4FE9;
					};
				};
			};
			buildConfigurationList = DA6537672E1B63F7009B4FE9 /* Build configuration list for PBXProject "Tabia" */;
			developmentRegion = en;
			hasScannedForEncodings = 0;
			knownRegions = (
				en,
				Base,
			);
			mainGroup = DA6537632E1B63F7009B4FE9;
			minimizedProjectReferenceProxies = 1;
			packageReferences = (
				DA3C7B1D2E23467100262F64 /* XCRemoteSwiftPackageReference "firebase-ios-sdk" */,
			);
			preferredProjectObjectVersion = 77;
			productRefGroup = DA65376D2E1B63F7009B4FE9 /* Products */;
			projectDirPath = "";
			projectRoot = "";
			targets = (
				DA65376B2E1B63F7009B4FE9 /* Tabia */,
				DA6537782E1B63F9009B4FE9 /* TabiaTests */,
				DA6537822E1B63F9009B4FE9 /* TabiaUITests */,
			);
		};
/* End PBXProject section */

/* Begin PBXResourcesBuildPhase section */
		DA65376A2E1B63F7009B4FE9 /* Resources */ = {
			isa = PBXResourcesBuildPhase;
			buildActionMask = 2147483647;
			files = (
			);
			runOnlyForDeploymentPostprocessing = 0;
		};
		DA6537772E1B63F9009B4FE9 /* Resources */ = {
			isa = PBXResourcesBuildPhase;
			buildActionMask = 2147483647;
			files = (
			);
			runOnlyForDeploymentPostprocessing = 0;
		};
		DA6537812E1B63F9009B4FE9 /* Resources */ = {
			isa = PBXResourcesBuildPhase;
			buildActionMask = 2147483647;
			files = (
			);
			runOnlyForDeploymentPostprocessing = 0;
		};
/* End PBXResourcesBuildPhase section */

/* Begin PBXSourcesBuildPhase section */
		DA6537682E1B63F7009B4FE9 /* Sources */ = {
			isa = PBXSourcesBuildPhase;
			buildActionMask = 2147483647;
			files = (
			);
			runOnlyForDeploymentPostprocessing = 0;
		};
		DA6537752E1B63F9009B4FE9 /* Sources */ = {
			isa = PBXSourcesBuildPhase;
			buildActionMask = 2147483647;
			files = (
			);
			runOnlyForDeploymentPostprocessing = 0;
		};
		DA65377F2E1B63F9009B4FE9 /* Sources */ = {
			isa = PBXSourcesBuildPhase;
			buildActionMask = 2147483647;
			files = (
			);
			runOnlyForDeploymentPostprocessing = 0;
		};
/* End PBXSourcesBuildPhase section */

/* Begin PBXTargetDependency section */
		DA65377B2E1B63F9009B4FE9 /* PBXTargetDependency */ = {
			isa = PBXTargetDependency;
			target = DA65376B2E1B63F7009B4FE9 /* Tabia */;
			targetProxy = DA65377A2E1B63F9009B4FE9 /* PBXContainerItemProxy */;
		};
		DA6537852E1B63F9009B4FE9 /* PBXTargetDependency */ = {
			isa = PBXTargetDependency;
			target = DA65376B2E1B63F7009B4FE9 /* Tabia */;
			targetProxy = DA6537842E1B63F9009B4FE9 /* PBXContainerItemProxy */;
		};
/* End PBXTargetDependency section */

/* Begin XCBuildConfiguration section */
		DA65378B2E1B63F9009B4FE9 /* Debug */ = {
			isa = XCBuildConfiguration;
			buildSettings = {
				ALWAYS_SEARCH_USER_PATHS = NO;
				ASSETCATALOG_COMPILER_GENERATE_SWIFT_ASSET_SYMBOL_EXTENSIONS = YES;
				CLANG_ANALYZER_NONNULL = YES;
				CLANG_ANALYZER_NUMBER_OBJECT_CONVERSION = YES_AGGRESSIVE;
				CLANG_CXX_LANGUAGE_STANDARD = "gnu++20";
				CLANG_ENABLE_MODULES = YES;
				CLANG_ENABLE_OBJC_ARC = YES;
				CLANG_ENABLE_OBJC_WEAK = YES;
				CLANG_WARN_BLOCK_CAPTURE_AUTORELEASING = YES;
				CLANG_WARN_BOOL_CONVERSION = YES;
				CLANG_WARN_COMMA = YES;
				CLANG_WARN_CONSTANT_CONVERSION = YES;
				CLANG_WARN_DEPRECATED_OBJC_IMPLEMENTATIONS = YES;
				CLANG_WARN_DIRECT_OBJC_ISA_USAGE = YES_ERROR;
				CLANG_WARN_DOCUMENTATION_COMMENTS = YES;
				CLANG_WARN_EMPTY_BODY = YES;
				CLANG_WARN_ENUM_CONVERSION = YES;
				CLANG_WARN_INFINITE_RECURSION = YES;
				CLANG_WARN_INT_CONVERSION = YES;
				CLANG_WARN_NON_LITERAL_NULL_CONVERSION = YES;
				CLANG_WARN_OBJC_IMPLICIT_RETAIN_SELF = YES;
				CLANG_WARN_OBJC_LITERAL_CONVERSION = YES;
				CLANG_WARN_OBJC_ROOT_CLASS = YES_ERROR;
				CLANG_WARN_QUOTED_INCLUDE_IN_FRAMEWORK_HEADER = YES;
				CLANG_WARN_RANGE_LOOP_ANALYSIS = YES;
				CLANG_WARN_STRICT_PROTOTYPES = YES;
				CLANG_WARN_SUSPICIOUS_MOVE = YES;
				CLANG_WARN_UNGUARDED_AVAILABILITY = YES_AGGRESSIVE;
				CLANG_WARN_UNREACHABLE_CODE = YES;
				CLANG_WARN__DUPLICATE_METHOD_MATCH = YES;
				COPY_PHASE_STRIP = NO;
				DEBUG_INFORMATION_FORMAT = dwarf;
				DEVELOPMENT_TEAM = ZN3W5ZYC98;
				ENABLE_STRICT_OBJC_MSGSEND = YES;
				ENABLE_TESTABILITY = YES;
				ENABLE_USER_SCRIPT_SANDBOXING = YES;
				GCC_C_LANGUAGE_STANDARD = gnu17;
				GCC_DYNAMIC_NO_PIC = NO;
				GCC_NO_COMMON_BLOCKS = YES;
				GCC_OPTIMIZATION_LEVEL = 0;
				GCC_PREPROCESSOR_DEFINITIONS = (
					"DEBUG=1",
					"$(inherited)",
				);
				GCC_WARN_64_TO_32_BIT_CONVERSION = YES;
				GCC_WARN_ABOUT_RETURN_TYPE = YES_ERROR;
				GCC_WARN_UNDECLARED_SELECTOR = YES;
				GCC_WARN_UNINITIALIZED_AUTOS = YES_AGGRESSIVE;
				GCC_WARN_UNUSED_FUNCTION = YES;
				GCC_WARN_UNUSED_VARIABLE = YES;
				IPHONEOS_DEPLOYMENT_TARGET = 18.5;
				LOCALIZATION_PREFERS_STRING_CATALOGS = YES;
				MTL_ENABLE_DEBUG_INFO = INCLUDE_SOURCE;
				MTL_FAST_MATH = YES;
				ONLY_ACTIVE_ARCH = YES;
				SDKROOT = iphoneos;
				SWIFT_ACTIVE_COMPILATION_CONDITIONS = "DEBUG $(inherited)";
				SWIFT_OPTIMIZATION_LEVEL = "-Onone";
			};
			name = Debug;
		};
		DA65378C2E1B63F9009B4FE9 /* Release */ = {
			isa = XCBuildConfiguration;
			buildSettings = {
				ALWAYS_SEARCH_USER_PATHS = NO;
				ASSETCATALOG_COMPILER_GENERATE_SWIFT_ASSET_SYMBOL_EXTENSIONS = YES;
				CLANG_ANALYZER_NONNULL = YES;
				CLANG_ANALYZER_NUMBER_OBJECT_CONVERSION = YES_AGGRESSIVE;
				CLANG_CXX_LANGUAGE_STANDARD = "gnu++20";
				CLANG_ENABLE_MODULES = YES;
				CLANG_ENABLE_OBJC_ARC = YES;
				CLANG_ENABLE_OBJC_WEAK = YES;
				CLANG_WARN_BLOCK_CAPTURE_AUTORELEASING = YES;
				CLANG_WARN_BOOL_CONVERSION = YES;
				CLANG_WARN_COMMA = YES;
				CLANG_WARN_CONSTANT_CONVERSION = YES;
				CLANG_WARN_DEPRECATED_OBJC_IMPLEMENTATIONS = YES;
				CLANG_WARN_DIRECT_OBJC_ISA_USAGE = YES_ERROR;
				CLANG_WARN_DOCUMENTATION_COMMENTS = YES;
				CLANG_WARN_EMPTY_BODY = YES;
				CLANG_WARN_ENUM_CONVERSION = YES;
				CLANG_WARN_INFINITE_RECURSION = YES;
				CLANG_WARN_INT_CONVERSION = YES;
				CLANG_WARN_NON_LITERAL_NULL_CONVERSION = YES;
				CLANG_WARN_OBJC_IMPLICIT_RETAIN_SELF = YES;
				CLANG_WARN_OBJC_LITERAL_CONVERSION = YES;
				CLANG_WARN_OBJC_ROOT_CLASS = YES_ERROR;
				CLANG_WARN_QUOTED_INCLUDE_IN_FRAMEWORK_HEADER = YES;
				CLANG_WARN_RANGE_LOOP_ANALYSIS = YES;
				CLANG_WARN_STRICT_PROTOTYPES = YES;
				CLANG_WARN_SUSPICIOUS_MOVE = YES;
				CLANG_WARN_UNGUARDED_AVAILABILITY = YES_AGGRESSIVE;
				CLANG_WARN_UNREACHABLE_CODE = YES;
				CLANG_WARN__DUPLICATE_METHOD_MATCH = YES;
				COPY_PHASE_STRIP = NO;
				DEBUG_INFORMATION_FORMAT = "dwarf-with-dsym";
				DEVELOPMENT_TEAM = ZN3W5ZYC98;
				ENABLE_NS_ASSERTIONS = NO;
				ENABLE_STRICT_OBJC_MSGSEND = YES;
				ENABLE_USER_SCRIPT_SANDBOXING = YES;
				GCC_C_LANGUAGE_STANDARD = gnu17;
				GCC_NO_COMMON_BLOCKS = YES;
				GCC_WARN_64_TO_32_BIT_CONVERSION = YES;
				GCC_WARN_ABOUT_RETURN_TYPE = YES_ERROR;
				GCC_WARN_UNDECLARED_SELECTOR = YES;
				GCC_WARN_UNINITIALIZED_AUTOS = YES_AGGRESSIVE;
				GCC_WARN_UNUSED_FUNCTION = YES;
				GCC_WARN_UNUSED_VARIABLE = YES;
				IPHONEOS_DEPLOYMENT_TARGET = 18.5;
				LOCALIZATION_PREFERS_STRING_CATALOGS = YES;
				MTL_ENABLE_DEBUG_INFO = NO;
				MTL_FAST_MATH = YES;
				SDKROOT = iphoneos;
				SWIFT_COMPILATION_MODE = wholemodule;
				VALIDATE_PRODUCT = YES;
			};
			name = Release;
		};
		DA65378E2E1B63F9009B4FE9 /* Debug */ = {
			isa = XCBuildConfiguration;
			buildSettings = {
				ASSETCATALOG_COMPILER_APPICON_NAME = AppIcon;
				ASSETCATALOG_COMPILER_GLOBAL_ACCENT_COLOR_NAME = AccentColor;
				CODE_SIGN_STYLE = Automatic;
				CURRENT_PROJECT_VERSION = 1;
				DEVELOPMENT_TEAM = ZN3W5ZYC98;
				ENABLE_PREVIEWS = YES;
				GENERATE_INFOPLIST_FILE = YES;
				INFOPLIST_KEY_UIApplicationSceneManifest_Generation = YES;
				INFOPLIST_KEY_UIApplicationSupportsIndirectInputEvents = YES;
				INFOPLIST_KEY_UILaunchScreen_Generation = YES;
				INFOPLIST_KEY_UISupportedInterfaceOrientations_iPad = "UIInterfaceOrientationPortrait UIInterfaceOrientationPortraitUpsideDown UIInterfaceOrientationLandscapeLeft UIInterfaceOrientationLandscapeRight";
				INFOPLIST_KEY_UISupportedInterfaceOrientations_iPhone = "UIInterfaceOrientationPortrait UIInterfaceOrientationLandscapeLeft UIInterfaceOrientationLandscapeRight";
				LD_RUNPATH_SEARCH_PATHS = (
					"$(inherited)",
					"@executable_path/Frameworks",
				);
				MARKETING_VERSION = 1.0;
				PRODUCT_BUNDLE_IDENTIFIER = jm.bell.projects.Tabia;
				PRODUCT_NAME = "$(TARGET_NAME)";
				SWIFT_EMIT_LOC_STRINGS = YES;
				SWIFT_VERSION = 5.0;
				TARGETED_DEVICE_FAMILY = "1,2";
			};
			name = Debug;
		};
		DA65378F2E1B63F9009B4FE9 /* Release */ = {
			isa = XCBuildConfiguration;
			buildSettings = {
				ASSETCATALOG_COMPILER_APPICON_NAME = AppIcon;
				ASSETCATALOG_COMPILER_GLOBAL_ACCENT_COLOR_NAME = AccentColor;
				CODE_SIGN_STYLE = Automatic;
				CURRENT_PROJECT_VERSION = 1;
				DEVELOPMENT_TEAM = ZN3W5ZYC98;
				ENABLE_PREVIEWS = YES;
				GENERATE_INFOPLIST_FILE = YES;
				INFOPLIST_KEY_UIApplicationSceneManifest_Generation = YES;
				INFOPLIST_KEY_UIApplicationSupportsIndirectInputEvents = YES;
				INFOPLIST_KEY_UILaunchScreen_Generation = YES;
				INFOPLIST_KEY_UISupportedInterfaceOrientations_iPad = "UIInterfaceOrientationPortrait UIInterfaceOrientationPortraitUpsideDown UIInterfaceOrientationLandscapeLeft UIInterfaceOrientationLandscapeRight";
				INFOPLIST_KEY_UISupportedInterfaceOrientations_iPhone = "UIInterfaceOrientationPortrait UIInterfaceOrientationLandscapeLeft UIInterfaceOrientationLandscapeRight";
				LD_RUNPATH_SEARCH_PATHS = (
					"$(inherited)",
					"@executable_path/Frameworks",
				);
				MARKETING_VERSION = 1.0;
				PRODUCT_BUNDLE_IDENTIFIER = jm.bell.projects.Tabia;
				PRODUCT_NAME = "$(TARGET_NAME)";
				SWIFT_EMIT_LOC_STRINGS = YES;
				SWIFT_VERSION = 5.0;
				TARGETED_DEVICE_FAMILY = "1,2";
			};
			name = Release;
		};
		DA6537912E1B63F9009B4FE9 /* Debug */ = {
			isa = XCBuildConfiguration;
			buildSettings = {
				BUNDLE_LOADER = "$(TEST_HOST)";
				CODE_SIGN_STYLE = Automatic;
				CURRENT_PROJECT_VERSION = 1;
				DEVELOPMENT_TEAM = ZN3W5ZYC98;
				GENERATE_INFOPLIST_FILE = YES;
				IPHONEOS_DEPLOYMENT_TARGET = 18.5;
				MARKETING_VERSION = 1.0;
				PRODUCT_BUNDLE_IDENTIFIER = jm.bell.projects.TabiaTests;
				PRODUCT_NAME = "$(TARGET_NAME)";
				SWIFT_EMIT_LOC_STRINGS = NO;
				SWIFT_VERSION = 5.0;
				TARGETED_DEVICE_FAMILY = "1,2";
				TEST_HOST = "$(BUILT_PRODUCTS_DIR)/Tabia.app/$(BUNDLE_EXECUTABLE_FOLDER_PATH)/Tabia";
			};
			name = Debug;
		};
		DA6537922E1B63F9009B4FE9 /* Release */ = {
			isa = XCBuildConfiguration;
			buildSettings = {
				BUNDLE_LOADER = "$(TEST_HOST)";
				CODE_SIGN_STYLE = Automatic;
				CURRENT_PROJECT_VERSION = 1;
				DEVELOPMENT_TEAM = ZN3W5ZYC98;
				GENERATE_INFOPLIST_FILE = YES;
				IPHONEOS_DEPLOYMENT_TARGET = 18.5;
				MARKETING_VERSION = 1.0;
				PRODUCT_BUNDLE_IDENTIFIER = jm.bell.projects.TabiaTests;
				PRODUCT_NAME = "$(TARGET_NAME)";
				SWIFT_EMIT_LOC_STRINGS = NO;
				SWIFT_VERSION = 5.0;
				TARGETED_DEVICE_FAMILY = "1,2";
				TEST_HOST = "$(BUILT_PRODUCTS_DIR)/Tabia.app/$(BUNDLE_EXECUTABLE_FOLDER_PATH)/Tabia";
			};
			name = Release;
		};
		DA6537942E1B63F9009B4FE9 /* Debug */ = {
			isa = XCBuildConfiguration;
			buildSettings = {
				CODE_SIGN_STYLE = Automatic;
				CURRENT_PROJECT_VERSION = 1;
				DEVELOPMENT_TEAM = ZN3W5ZYC98;
				GENERATE_INFOPLIST_FILE = YES;
				MARKETING_VERSION = 1.0;
				PRODUCT_BUNDLE_IDENTIFIER = jm.bell.projects.TabiaUITests;
				PRODUCT_NAME = "$(TARGET_NAME)";
				SWIFT_EMIT_LOC_STRINGS = NO;
				SWIFT_VERSION = 5.0;
				TARGETED_DEVICE_FAMILY = "1,2";
				TEST_TARGET_NAME = Tabia;
			};
			name = Debug;
		};
		DA6537952E1B63F9009B4FE9 /* Release */ = {
			isa = XCBuildConfiguration;
			buildSettings = {
				CODE_SIGN_STYLE = Automatic;
				CURRENT_PROJECT_VERSION = 1;
				DEVELOPMENT_TEAM = ZN3W5ZYC98;
				GENERATE_INFOPLIST_FILE = YES;
				MARKETING_VERSION = 1.0;
				PRODUCT_BUNDLE_IDENTIFIER = jm.bell.projects.TabiaUITests;
				PRODUCT_NAME = "$(TARGET_NAME)";
				SWIFT_EMIT_LOC_STRINGS = NO;
				SWIFT_VERSION = 5.0;
				TARGETED_DEVICE_FAMILY = "1,2";
				TEST_TARGET_NAME = Tabia;
			};
			name = Release;
		};
/* End XCBuildConfiguration section */

/* Begin XCConfigurationList section */
		DA6537672E1B63F7009B4FE9 /* Build configuration list for PBXProject "Tabia" */ = {
			isa = XCConfigurationList;
			buildConfigurations = (
				DA65378B2E1B63F9009B4FE9 /* Debug */,
				DA65378C2E1B63F9009B4FE9 /* Release */,
			);
			defaultConfigurationIsVisible = 0;
			defaultConfigurationName = Release;
		};
		DA65378D2E1B63F9009B4FE9 /* Build configuration list for PBXNativeTarget "Tabia" */ = {
			isa = XCConfigurationList;
			buildConfigurations = (
				DA65378E2E1B63F9009B4FE9 /* Debug */,
				DA65378F2E1B63F9009B4FE9 /* Release */,
			);
			defaultConfigurationIsVisible = 0;
			defaultConfigurationName = Release;
		};
		DA6537902E1B63F9009B4FE9 /* Build configuration list for PBXNativeTarget "TabiaTests" */ = {
			isa = XCConfigurationList;
			buildConfigurations = (
				DA6537912E1B63F9009B4FE9 /* Debug */,
				DA6537922E1B63F9009B4FE9 /* Release */,
			);
			defaultConfigurationIsVisible = 0;
			defaultConfigurationName = Release;
		};
		DA6537932E1B63F9009B4FE9 /* Build configuration list for PBXNativeTarget "TabiaUITests" */ = {
			isa = XCConfigurationList;
			buildConfigurations = (
				DA6537942E1B63F9009B4FE9 /* Debug */,
				DA6537952E1B63F9009B4FE9 /* Release */,
			);
			defaultConfigurationIsVisible = 0;
			defaultConfigurationName = Release;
		};
/* End XCConfigurationList section */

/* Begin XCRemoteSwiftPackageReference section */
		DA3C7B1D2E23467100262F64 /* XCRemoteSwiftPackageReference "firebase-ios-sdk" */ = {
			isa = XCRemoteSwiftPackageReference;
			repositoryURL = "https://github.com/firebase/firebase-ios-sdk";
			requirement = {
				kind = upToNextMajorVersion;
				minimumVersion = 11.15.0;
			};
		};
/* End XCRemoteSwiftPackageReference section */

/* Begin XCSwiftPackageProductDependency section */
		DA3C7B1E2E23467100262F64 /* FirebaseAnalytics */ = {
			isa = XCSwiftPackageProductDependency;
			package = DA3C7B1D2E23467100262F64 /* XCRemoteSwiftPackageReference "firebase-ios-sdk" */;
			productName = FirebaseAnalytics;
		};
		DA3C7B202E23467100262F64 /* FirebaseCore */ = {
			isa = XCSwiftPackageProductDependency;
			package = DA3C7B1D2E23467100262F64 /* XCRemoteSwiftPackageReference "firebase-ios-sdk" */;
			productName = FirebaseCore;
		};
		DA3C7B222E23467100262F64 /* FirebaseFirestore */ = {
			isa = XCSwiftPackageProductDependency;
			package = DA3C7B1D2E23467100262F64 /* XCRemoteSwiftPackageReference "firebase-ios-sdk" */;
			productName = FirebaseFirestore;
		};
/* End XCSwiftPackageProductDependency section */
	};
	rootObject = DA6537642E1B63F7009B4FE9 /* Project object */;
}
